
Microsoft Visual Studio Solution File, Format Version 12.00
# Visual Studio 15
VisualStudioVersion = 15.0.28307.136
MinimumVisualStudioVersion = 10.0.40219.1
Project("{FAE04EC0-301F-11D3-BF4B-00C04F79EFBC}") = "JQueryMVCApplication", "JQueryMVCApplication\JQueryMVCApplication.csproj", "{A8F9A4C3-845B-4B1E-894E-E819DF8C4B12}"
EndProject
Global
	GlobalSection(SolutionConfigurationPlatforms) = preSolution
		Debug|Any CPU = Debug|Any CPU
		Release|Any CPU = Release|Any CPU
	EndGlobalSection
	GlobalSection(ProjectConfigurationPlatforms) = postSolution
		{A8F9A4C3-845B-4B1E-894E-E819DF8C4B12}.Debug|Any CPU.ActiveCfg = Debug|Any CPU
		{A8F9A4C3-845B-4B1E-894E-E819DF8C4B12}.Debug|Any CPU.Build.0 = Debug|Any CPU
		{A8F9A4C3-845B-4B1E-894E-E819DF8C4B12}.Release|Any CPU.ActiveCfg = Release|Any CPU
		{A8F9A4C3-845B-4B1E-894E-E819DF8C4B12}.Release|Any CPU.Build.0 = Release|Any CPU
	EndGlobalSection
	GlobalSection(SolutionProperties) = preSolution
		HideSolutionNode = FALSE
	EndGlobalSection
	GlobalSection(ExtensibilityGlobals) = postSolution
		SolutionGuid = {13140D64-4113-4044-AA34-88ECDBAB4C9C}
	EndGlobalSection
EndGlobal
